
Microsoft Visual Studio Solution File, Format Version 12.00
# Visual Studio 2013
VisualStudioVersion = 12.0.30324.0
MinimumVisualStudioVersion = 10.0.40219.1
Project("{FAE04EC0-301F-11D3-BF4B-00C04F79EFBC}") = "Reidar.inTalks.List", "Reidar.inTalks.List\Reidar.inTalks.List.csproj", "{2267E996-6BCB-45A9-9B76-1E2807AA9346}"
EndProject
Project("{FAE04EC0-301F-11D3-BF4B-00C04F79EFBC}") = "Reidar.inTalks.OData", "Reidar.inTalks.CloudOperatingSystem\Reidar.inTalks.OData.csproj", "{6944AF85-533A-43E9-A7A1-8A99FD7F4F90}"
EndProject
Project("{FAE04EC0-301F-11D3-BF4B-00C04F79EFBC}") = "Reidar.inTalks.csom", "Reidar.inTalks.csom\Reidar.inTalks.csom.csproj", "{9CCB601E-456B-4D4C-ADA4-30842CFB93B3}"
EndProject
Project("{FAE04EC0-301F-11D3-BF4B-00C04F79EFBC}") = "Reidar.inTalks.csomWeb", "Reidar.inTalks.csomWeb\Reidar.inTalks.csomWeb.csproj", "{3C880662-BD56-4CEB-AF8E-93E87ACAFA74}"
EndProject
Project("{FAE04EC0-301F-11D3-BF4B-00C04F79EFBC}") = "Reidar.inTalks.jsom", "Reidar.inTalks.jsom\Reidar.inTalks.jsom.csproj", "{BC29BCBC-FFD4-4223-9088-9F78B61D15B4}"
EndProject
Project("{FAE04EC0-301F-11D3-BF4B-00C04F79EFBC}") = "Inmeta.SP.IBC", "Inmeta.SP.IBC\Inmeta.SP.IBC.csproj", "{F1D93284-8F69-46C2-B3D2-EDFBC632E064}"
EndProject
Global
	GlobalSection(SolutionConfigurationPlatforms) = preSolution
		Debug|Any CPU = Debug|Any CPU
		Release|Any CPU = Release|Any CPU
	EndGlobalSection
	GlobalSection(ProjectConfigurationPlatforms) = postSolution
		{2267E996-6BCB-45A9-9B76-1E2807AA9346}.Debug|Any CPU.ActiveCfg = Debug|Any CPU
		{2267E996-6BCB-45A9-9B76-1E2807AA9346}.Debug|Any CPU.Build.0 = Debug|Any CPU
		{2267E996-6BCB-45A9-9B76-1E2807AA9346}.Debug|Any CPU.Deploy.0 = Debug|Any CPU
		{2267E996-6BCB-45A9-9B76-1E2807AA9346}.Release|Any CPU.ActiveCfg = Release|Any CPU
		{2267E996-6BCB-45A9-9B76-1E2807AA9346}.Release|Any CPU.Build.0 = Release|Any CPU
		{2267E996-6BCB-45A9-9B76-1E2807AA9346}.Release|Any CPU.Deploy.0 = Release|Any CPU
		{6944AF85-533A-43E9-A7A1-8A99FD7F4F90}.Debug|Any CPU.ActiveCfg = Debug|Any CPU
		{6944AF85-533A-43E9-A7A1-8A99FD7F4F90}.Debug|Any CPU.Build.0 = Debug|Any CPU
		{6944AF85-533A-43E9-A7A1-8A99FD7F4F90}.Debug|Any CPU.Deploy.0 = Debug|Any CPU
		{6944AF85-533A-43E9-A7A1-8A99FD7F4F90}.Release|Any CPU.ActiveCfg = Release|Any CPU
		{6944AF85-533A-43E9-A7A1-8A99FD7F4F90}.Release|Any CPU.Build.0 = Release|Any CPU
		{6944AF85-533A-43E9-A7A1-8A99FD7F4F90}.Release|Any CPU.Deploy.0 = Release|Any CPU
		{9CCB601E-456B-4D4C-ADA4-30842CFB93B3}.Debug|Any CPU.ActiveCfg = Debug|Any CPU
		{9CCB601E-456B-4D4C-ADA4-30842CFB93B3}.Debug|Any CPU.Build.0 = Debug|Any CPU
		{9CCB601E-456B-4D4C-ADA4-30842CFB93B3}.Debug|Any CPU.Deploy.0 = Debug|Any CPU
		{9CCB601E-456B-4D4C-ADA4-30842CFB93B3}.Release|Any CPU.ActiveCfg = Release|Any CPU
		{9CCB601E-456B-4D4C-ADA4-30842CFB93B3}.Release|Any CPU.Build.0 = Release|Any CPU
		{9CCB601E-456B-4D4C-ADA4-30842CFB93B3}.Release|Any CPU.Deploy.0 = Release|Any CPU
		{3C880662-BD56-4CEB-AF8E-93E87ACAFA74}.Debug|Any CPU.ActiveCfg = Debug|Any CPU
		{3C880662-BD56-4CEB-AF8E-93E87ACAFA74}.Debug|Any CPU.Build.0 = Debug|Any CPU
		{3C880662-BD56-4CEB-AF8E-93E87ACAFA74}.Release|Any CPU.ActiveCfg = Release|Any CPU
		{3C880662-BD56-4CEB-AF8E-93E87ACAFA74}.Release|Any CPU.Build.0 = Release|Any CPU
		{BC29BCBC-FFD4-4223-9088-9F78B61D15B4}.Debug|Any CPU.ActiveCfg = Debug|Any CPU
		{BC29BCBC-FFD4-4223-9088-9F78B61D15B4}.Debug|Any CPU.Build.0 = Debug|Any CPU
		{BC29BCBC-FFD4-4223-9088-9F78B61D15B4}.Debug|Any CPU.Deploy.0 = Debug|Any CPU
		{BC29BCBC-FFD4-4223-9088-9F78B61D15B4}.Release|Any CPU.ActiveCfg = Release|Any CPU
		{BC29BCBC-FFD4-4223-9088-9F78B61D15B4}.Release|Any CPU.Build.0 = Release|Any CPU
		{BC29BCBC-FFD4-4223-9088-9F78B61D15B4}.Release|Any CPU.Deploy.0 = Release|Any CPU
		{F1D93284-8F69-46C2-B3D2-EDFBC632E064}.Debug|Any CPU.ActiveCfg = Debug|Any CPU
		{F1D93284-8F69-46C2-B3D2-EDFBC632E064}.Debug|Any CPU.Build.0 = Debug|Any CPU
		{F1D93284-8F69-46C2-B3D2-EDFBC632E064}.Debug|Any CPU.Deploy.0 = Debug|Any CPU
		{F1D93284-8F69-46C2-B3D2-EDFBC632E064}.Release|Any CPU.ActiveCfg = Release|Any CPU
		{F1D93284-8F69-46C2-B3D2-EDFBC632E064}.Release|Any CPU.Build.0 = Release|Any CPU
		{F1D93284-8F69-46C2-B3D2-EDFBC632E064}.Release|Any CPU.Deploy.0 = Release|Any CPU
	EndGlobalSection
	GlobalSection(SolutionProperties) = preSolution
		HideSolutionNode = FALSE
	EndGlobalSection
EndGlobal
